<Solution>
  <Folder Name="/Core/">
    <Project Path="Core/CarBook.Application/CarBook.Application.csproj" Id="f59d7c2d-6682-4459-a9ab-2ce781d6840f" />
    <Project Path="Core/CarBook.Domain/CarBook.Domain.csproj" />
  </Folder>
  <Folder Name="/Frontends/">
    <Project Path="Frontends/CarBook.Dto/CarBook.Dto.csproj" Id="303d8c0a-c060-4bb0-991d-a071685f4310" />
    <Project Path="Frontends/CarBook.WebUI/CarBook.WebUI.csproj" Id="c78da27e-1504-4c50-81dc-6d39e54e5f20" />
  </Folder>
  <Folder Name="/Infrastructure/">
    <Project Path="Infrastructure/CarBook.Infrastructure/CarBook.Infrastructure.csproj" Id="c4e29f37-8602-4da2-a25c-a24396c835d4" />
    <Project Path="Infrastructure/CarBook.Persistence/CarBook.Persistence.csproj" />
  </Folder>
  <Folder Name="/Presantation/">
    <Project Path="Presantation/CarBook.WebAPI/CarBook.WebAPI.csproj" />
  </Folder>
</Solution>
