<Solution>
  <Folder Name="/Core/">
    <Project Path="Core/CarBook.Application/CarBook.Application.csproj" Id="f59d7c2d-6682-4459-a9ab-2ce781d6840f" />
    <Project Path="Core/CarBook.Domain/CarBook.Domain.csproj" />
  </Folder>
  <Folder Name="/Infrastructure/">
    <Project Path="Infrastructure/CarBook.Persistence/CarBook.Persistence.csproj" />
  </Folder>
  <Folder Name="/Presantation/">
    <Project Path="Presantation/CarBook.WebAPI/CarBook.WebAPI.csproj" />
  </Folder>
</Solution>
